
Microsoft Visual Studio Solution File, Format Version 12.00
# Visual Studio 15
VisualStudioVersion = 15.0.27130.2010
MinimumVisualStudioVersion = 10.0.40219.1
Project("{FAE04EC0-301F-11D3-BF4B-00C04F79EFBC}") = "OnlineActions", "OnlineActions.csproj", "{392516E0-EDF3-456C-9ADA-27B83ED4136D}"
EndProject
Global
	GlobalSection(SolutionConfigurationPlatforms) = preSolution
		Debug|Any CPU = Debug|Any CPU
		Release|Any CPU = Release|Any CPU
	EndGlobalSection
	GlobalSection(ProjectConfigurationPlatforms) = postSolution
		{392516E0-EDF3-456C-9ADA-27B83ED4136D}.Debug|Any CPU.ActiveCfg = Debug|Any CPU
		{392516E0-EDF3-456C-9ADA-27B83ED4136D}.Debug|Any CPU.Build.0 = Debug|Any CPU
		{392516E0-EDF3-456C-9ADA-27B83ED4136D}.Release|Any CPU.ActiveCfg = Release|Any CPU
		{392516E0-EDF3-456C-9ADA-27B83ED4136D}.Release|Any CPU.Build.0 = Release|Any CPU
	EndGlobalSection
	GlobalSection(SolutionProperties) = preSolution
		HideSolutionNode = FALSE
	EndGlobalSection
	GlobalSection(ExtensibilityGlobals) = postSolution
		SolutionGuid = {4018EEF7-FCB3-4567-ABBB-E175B235E5AF}
	EndGlobalSection
EndGlobal
